
Microsoft Visual Studio Solution File, Format Version 12.00
# Visual Studio 15
VisualStudioVersion = 15.0.28307.329
MinimumVisualStudioVersion = 10.0.40219.1
Project("{FAE04EC0-301F-11D3-BF4B-00C04F79EFBC}") = "ReactCore22WebApp", "ReactCore22WebApp\ReactCore22WebApp.csproj", "{3EAD3ED1-BDBF-41CA-A461-C996D559D1D9}"
EndProject
Global
	GlobalSection(SolutionConfigurationPlatforms) = preSolution
		Debug|Any CPU = Debug|Any CPU
		Release|Any CPU = Release|Any CPU
	EndGlobalSection
	GlobalSection(ProjectConfigurationPlatforms) = postSolution
		{3EAD3ED1-BDBF-41CA-A461-C996D559D1D9}.Debug|Any CPU.ActiveCfg = Debug|Any CPU
		{3EAD3ED1-BDBF-41CA-A461-C996D559D1D9}.Debug|Any CPU.Build.0 = Debug|Any CPU
		{3EAD3ED1-BDBF-41CA-A461-C996D559D1D9}.Release|Any CPU.ActiveCfg = Release|Any CPU
		{3EAD3ED1-BDBF-41CA-A461-C996D559D1D9}.Release|Any CPU.Build.0 = Release|Any CPU
	EndGlobalSection
	GlobalSection(SolutionProperties) = preSolution
		HideSolutionNode = FALSE
	EndGlobalSection
	GlobalSection(ExtensibilityGlobals) = postSolution
		SolutionGuid = {19F4EAF0-8219-411D-A3F4-AE88C84F4BAA}
	EndGlobalSection
EndGlobal
